
Microsoft Visual Studio Solution File, Format Version 12.00
# Visual Studio Version 17
VisualStudioVersion = 17.4.33213.308
MinimumVisualStudioVersion = 10.0.40219.1
Project("{FAE04EC0-301F-11D3-BF4B-00C04F79EFBC}") = "GradingForm", "GradingForm\GradingForm.csproj", "{233403AD-400F-40AF-8D84-8693B1549E53}"
EndProject
Global
	GlobalSection(SolutionConfigurationPlatforms) = preSolution
		Debug|Any CPU = Debug|Any CPU
		Release|Any CPU = Release|Any CPU
	EndGlobalSection
	GlobalSection(ProjectConfigurationPlatforms) = postSolution
		{233403AD-400F-40AF-8D84-8693B1549E53}.Debug|Any CPU.ActiveCfg = Debug|Any CPU
		{233403AD-400F-40AF-8D84-8693B1549E53}.Debug|Any CPU.Build.0 = Debug|Any CPU
		{233403AD-400F-40AF-8D84-8693B1549E53}.Release|Any CPU.ActiveCfg = Release|Any CPU
		{233403AD-400F-40AF-8D84-8693B1549E53}.Release|Any CPU.Build.0 = Release|Any CPU
	EndGlobalSection
	GlobalSection(SolutionProperties) = preSolution
		HideSolutionNode = FALSE
	EndGlobalSection
	GlobalSection(ExtensibilityGlobals) = postSolution
		SolutionGuid = {43F84105-1A31-472E-8DC8-F7D5AEF0CBA7}
	EndGlobalSection
EndGlobal
